
Microsoft Visual Studio Solution File, Format Version 12.00
# Visual Studio 15
VisualStudioVersion = 15.0.28010.2048
MinimumVisualStudioVersion = 10.0.40219.1
Project("{8BC9CEB8-8B4A-11D0-8D11-00A0C91BC942}") = "lab 2", "lab 2\lab 2.vcxproj", "{FA92517F-95C0-473E-91A8-6B890D2DB0AE}"
EndProject
Global
	GlobalSection(SolutionConfigurationPlatforms) = preSolution
		Debug|x64 = Debug|x64
		Debug|x86 = Debug|x86
		Release|x64 = Release|x64
		Release|x86 = Release|x86
	EndGlobalSection
	GlobalSection(ProjectConfigurationPlatforms) = postSolution
		{FA92517F-95C0-473E-91A8-6B890D2DB0AE}.Debug|x64.ActiveCfg = Debug|x64
		{FA92517F-95C0-473E-91A8-6B890D2DB0AE}.Debug|x64.Build.0 = Debug|x64
		{FA92517F-95C0-473E-91A8-6B890D2DB0AE}.Debug|x86.ActiveCfg = Debug|Win32
		{FA92517F-95C0-473E-91A8-6B890D2DB0AE}.Debug|x86.Build.0 = Debug|Win32
		{FA92517F-95C0-473E-91A8-6B890D2DB0AE}.Release|x64.ActiveCfg = Release|x64
		{FA92517F-95C0-473E-91A8-6B890D2DB0AE}.Release|x64.Build.0 = Release|x64
		{FA92517F-95C0-473E-91A8-6B890D2DB0AE}.Release|x86.ActiveCfg = Release|Win32
		{FA92517F-95C0-473E-91A8-6B890D2DB0AE}.Release|x86.Build.0 = Release|Win32
	EndGlobalSection
	GlobalSection(SolutionProperties) = preSolution
		HideSolutionNode = FALSE
	EndGlobalSection
	GlobalSection(ExtensibilityGlobals) = postSolution
		SolutionGuid = {8FE540C0-4999-4EEB-8366-BF377F0EBCD6}
	EndGlobalSection
EndGlobal
